
Microsoft Visual Studio Solution File, Format Version 12.00
# Visual Studio Version 16
VisualStudioVersion = 16.0.29209.62
MinimumVisualStudioVersion = 10.0.40219.1
Project("{FAE04EC0-301F-11D3-BF4B-00C04F79EFBC}") = "Harmony-Search-Implements", "Harmony-Search-Implements\Harmony-Search-Implements.csproj", "{C01383BE-B17B-4D47-93F9-A5BC821A8665}"
EndProject
Global
	GlobalSection(SolutionConfigurationPlatforms) = preSolution
		Debug|Any CPU = Debug|Any CPU
		Release|Any CPU = Release|Any CPU
	EndGlobalSection
	GlobalSection(ProjectConfigurationPlatforms) = postSolution
		{C01383BE-B17B-4D47-93F9-A5BC821A8665}.Debug|Any CPU.ActiveCfg = Debug|Any CPU
		{C01383BE-B17B-4D47-93F9-A5BC821A8665}.Debug|Any CPU.Build.0 = Debug|Any CPU
		{C01383BE-B17B-4D47-93F9-A5BC821A8665}.Release|Any CPU.ActiveCfg = Release|Any CPU
		{C01383BE-B17B-4D47-93F9-A5BC821A8665}.Release|Any CPU.Build.0 = Release|Any CPU
	EndGlobalSection
	GlobalSection(SolutionProperties) = preSolution
		HideSolutionNode = FALSE
	EndGlobalSection
	GlobalSection(ExtensibilityGlobals) = postSolution
		SolutionGuid = {917D7A7A-4345-4087-957B-C3CAE73AB5AC}
	EndGlobalSection
EndGlobal
